
Microsoft Visual Studio Solution File, Format Version 12.00
# Visual Studio 15
VisualStudioVersion = 15.0.28307.421
MinimumVisualStudioVersion = 10.0.40219.1
Project("{8BC9CEB8-8B4A-11D0-8D11-00A0C91BC942}") = "lab6zad1", "lab6zad1\lab6zad1.vcxproj", "{E738CCD2-85CB-4BA2-A803-EDC8E9F36BA8}"
EndProject
Global
	GlobalSection(SolutionConfigurationPlatforms) = preSolution
		Debug|x64 = Debug|x64
		Debug|x86 = Debug|x86
		Release|x64 = Release|x64
		Release|x86 = Release|x86
	EndGlobalSection
	GlobalSection(ProjectConfigurationPlatforms) = postSolution
		{E738CCD2-85CB-4BA2-A803-EDC8E9F36BA8}.Debug|x64.ActiveCfg = Debug|x64
		{E738CCD2-85CB-4BA2-A803-EDC8E9F36BA8}.Debug|x64.Build.0 = Debug|x64
		{E738CCD2-85CB-4BA2-A803-EDC8E9F36BA8}.Debug|x86.ActiveCfg = Debug|Win32
		{E738CCD2-85CB-4BA2-A803-EDC8E9F36BA8}.Debug|x86.Build.0 = Debug|Win32
		{E738CCD2-85CB-4BA2-A803-EDC8E9F36BA8}.Release|x64.ActiveCfg = Release|x64
		{E738CCD2-85CB-4BA2-A803-EDC8E9F36BA8}.Release|x64.Build.0 = Release|x64
		{E738CCD2-85CB-4BA2-A803-EDC8E9F36BA8}.Release|x86.ActiveCfg = Release|Win32
		{E738CCD2-85CB-4BA2-A803-EDC8E9F36BA8}.Release|x86.Build.0 = Release|Win32
	EndGlobalSection
	GlobalSection(SolutionProperties) = preSolution
		HideSolutionNode = FALSE
	EndGlobalSection
	GlobalSection(ExtensibilityGlobals) = postSolution
		SolutionGuid = {DEFEF09A-FC69-4A34-87F9-3352296A6F80}
	EndGlobalSection
EndGlobal
