
Microsoft Visual Studio Solution File, Format Version 12.00
# Visual Studio 15
VisualStudioVersion = 15.0.28307.421
MinimumVisualStudioVersion = 10.0.40219.1
Project("{8BC9CEB8-8B4A-11D0-8D11-00A0C91BC942}") = "lab5zad1", "lab5zad1\lab5zad1.vcxproj", "{1A2DF39B-DE04-4364-A5C9-FAF5A77F14BD}"
EndProject
Project("{8BC9CEB8-8B4A-11D0-8D11-00A0C91BC942}") = "lab5zad2", "..\lab5zad2\lab5zad2\lab5zad2.vcxproj", "{514420B5-7B1D-40B8-802F-51CCC9BE4468}"
EndProject
Project("{8BC9CEB8-8B4A-11D0-8D11-00A0C91BC942}") = "lab5dop1_zad1", "..\lab5dop1_zad1\lab5dop1_zad1\lab5dop1_zad1.vcxproj", "{1FBB0187-04F5-4A76-990D-01DC95EAA008}"
EndProject
Project("{8BC9CEB8-8B4A-11D0-8D11-00A0C91BC942}") = "lab5dop1_zad2", "..\lab5dop1_zad2\lab5dop1_zad2\lab5dop1_zad2.vcxproj", "{58EDD935-AFDD-4C01-B98C-0A1763FEAABA}"
EndProject
Project("{8BC9CEB8-8B4A-11D0-8D11-00A0C91BC942}") = "lab5dop1_zad3", "..\lab5dop1_zad3\lab5dop1_zad3\lab5dop1_zad3.vcxproj", "{5AA22264-B53A-40C9-8922-B6825645E9F6}"
EndProject
Project("{8BC9CEB8-8B4A-11D0-8D11-00A0C91BC942}") = "lab5dop1_zad4", "..\lab5dop1_zad4\lab5dop1_zad4\lab5dop1_zad4.vcxproj", "{F7C2C765-7A2C-48E5-87D2-8242C015668C}"
EndProject
Project("{8BC9CEB8-8B4A-11D0-8D11-00A0C91BC942}") = "lab5dop1_zad5_new", "..\lab5dop1_zad5_new\lab5dop1_zad5_new\lab5dop1_zad5_new.vcxproj", "{8882B744-D6E6-4742-84C8-E45F9D0E5FDE}"
EndProject
Global
	GlobalSection(SolutionConfigurationPlatforms) = preSolution
		Debug|x64 = Debug|x64
		Debug|x86 = Debug|x86
		Release|x64 = Release|x64
		Release|x86 = Release|x86
	EndGlobalSection
	GlobalSection(ProjectConfigurationPlatforms) = postSolution
		{1A2DF39B-DE04-4364-A5C9-FAF5A77F14BD}.Debug|x64.ActiveCfg = Debug|x64
		{1A2DF39B-DE04-4364-A5C9-FAF5A77F14BD}.Debug|x64.Build.0 = Debug|x64
		{1A2DF39B-DE04-4364-A5C9-FAF5A77F14BD}.Debug|x86.ActiveCfg = Debug|Win32
		{1A2DF39B-DE04-4364-A5C9-FAF5A77F14BD}.Debug|x86.Build.0 = Debug|Win32
		{1A2DF39B-DE04-4364-A5C9-FAF5A77F14BD}.Release|x64.ActiveCfg = Release|x64
		{1A2DF39B-DE04-4364-A5C9-FAF5A77F14BD}.Release|x64.Build.0 = Release|x64
		{1A2DF39B-DE04-4364-A5C9-FAF5A77F14BD}.Release|x86.ActiveCfg = Release|Win32
		{1A2DF39B-DE04-4364-A5C9-FAF5A77F14BD}.Release|x86.Build.0 = Release|Win32
		{514420B5-7B1D-40B8-802F-51CCC9BE4468}.Debug|x64.ActiveCfg = Debug|x64
		{514420B5-7B1D-40B8-802F-51CCC9BE4468}.Debug|x64.Build.0 = Debug|x64
		{514420B5-7B1D-40B8-802F-51CCC9BE4468}.Debug|x86.ActiveCfg = Debug|Win32
		{514420B5-7B1D-40B8-802F-51CCC9BE4468}.Debug|x86.Build.0 = Debug|Win32
		{514420B5-7B1D-40B8-802F-51CCC9BE4468}.Release|x64.ActiveCfg = Release|x64
		{514420B5-7B1D-40B8-802F-51CCC9BE4468}.Release|x64.Build.0 = Release|x64
		{514420B5-7B1D-40B8-802F-51CCC9BE4468}.Release|x86.ActiveCfg = Release|Win32
		{514420B5-7B1D-40B8-802F-51CCC9BE4468}.Release|x86.Build.0 = Release|Win32
		{1FBB0187-04F5-4A76-990D-01DC95EAA008}.Debug|x64.ActiveCfg = Debug|x64
		{1FBB0187-04F5-4A76-990D-01DC95EAA008}.Debug|x64.Build.0 = Debug|x64
		{1FBB0187-04F5-4A76-990D-01DC95EAA008}.Debug|x86.ActiveCfg = Debug|Win32
		{1FBB0187-04F5-4A76-990D-01DC95EAA008}.Debug|x86.Build.0 = Debug|Win32
		{1FBB0187-04F5-4A76-990D-01DC95EAA008}.Release|x64.ActiveCfg = Release|x64
		{1FBB0187-04F5-4A76-990D-01DC95EAA008}.Release|x64.Build.0 = Release|x64
		{1FBB0187-04F5-4A76-990D-01DC95EAA008}.Release|x86.ActiveCfg = Release|Win32
		{1FBB0187-04F5-4A76-990D-01DC95EAA008}.Release|x86.Build.0 = Release|Win32
		{58EDD935-AFDD-4C01-B98C-0A1763FEAABA}.Debug|x64.ActiveCfg = Debug|x64
		{58EDD935-AFDD-4C01-B98C-0A1763FEAABA}.Debug|x64.Build.0 = Debug|x64
		{58EDD935-AFDD-4C01-B98C-0A1763FEAABA}.Debug|x86.ActiveCfg = Debug|Win32
		{58EDD935-AFDD-4C01-B98C-0A1763FEAABA}.Debug|x86.Build.0 = Debug|Win32
		{58EDD935-AFDD-4C01-B98C-0A1763FEAABA}.Release|x64.ActiveCfg = Release|x64
		{58EDD935-AFDD-4C01-B98C-0A1763FEAABA}.Release|x64.Build.0 = Release|x64
		{58EDD935-AFDD-4C01-B98C-0A1763FEAABA}.Release|x86.ActiveCfg = Release|Win32
		{58EDD935-AFDD-4C01-B98C-0A1763FEAABA}.Release|x86.Build.0 = Release|Win32
		{5AA22264-B53A-40C9-8922-B6825645E9F6}.Debug|x64.ActiveCfg = Debug|x64
		{5AA22264-B53A-40C9-8922-B6825645E9F6}.Debug|x64.Build.0 = Debug|x64
		{5AA22264-B53A-40C9-8922-B6825645E9F6}.Debug|x86.ActiveCfg = Debug|Win32
		{5AA22264-B53A-40C9-8922-B6825645E9F6}.Debug|x86.Build.0 = Debug|Win32
		{5AA22264-B53A-40C9-8922-B6825645E9F6}.Release|x64.ActiveCfg = Release|x64
		{5AA22264-B53A-40C9-8922-B6825645E9F6}.Release|x64.Build.0 = Release|x64
		{5AA22264-B53A-40C9-8922-B6825645E9F6}.Release|x86.ActiveCfg = Release|Win32
		{5AA22264-B53A-40C9-8922-B6825645E9F6}.Release|x86.Build.0 = Release|Win32
		{F7C2C765-7A2C-48E5-87D2-8242C015668C}.Debug|x64.ActiveCfg = Debug|x64
		{F7C2C765-7A2C-48E5-87D2-8242C015668C}.Debug|x64.Build.0 = Debug|x64
		{F7C2C765-7A2C-48E5-87D2-8242C015668C}.Debug|x86.ActiveCfg = Debug|Win32
		{F7C2C765-7A2C-48E5-87D2-8242C015668C}.Debug|x86.Build.0 = Debug|Win32
		{F7C2C765-7A2C-48E5-87D2-8242C015668C}.Release|x64.ActiveCfg = Release|x64
		{F7C2C765-7A2C-48E5-87D2-8242C015668C}.Release|x64.Build.0 = Release|x64
		{F7C2C765-7A2C-48E5-87D2-8242C015668C}.Release|x86.ActiveCfg = Release|Win32
		{F7C2C765-7A2C-48E5-87D2-8242C015668C}.Release|x86.Build.0 = Release|Win32
		{8882B744-D6E6-4742-84C8-E45F9D0E5FDE}.Debug|x64.ActiveCfg = Debug|x64
		{8882B744-D6E6-4742-84C8-E45F9D0E5FDE}.Debug|x64.Build.0 = Debug|x64
		{8882B744-D6E6-4742-84C8-E45F9D0E5FDE}.Debug|x86.ActiveCfg = Debug|Win32
		{8882B744-D6E6-4742-84C8-E45F9D0E5FDE}.Debug|x86.Build.0 = Debug|Win32
		{8882B744-D6E6-4742-84C8-E45F9D0E5FDE}.Release|x64.ActiveCfg = Release|x64
		{8882B744-D6E6-4742-84C8-E45F9D0E5FDE}.Release|x64.Build.0 = Release|x64
		{8882B744-D6E6-4742-84C8-E45F9D0E5FDE}.Release|x86.ActiveCfg = Release|Win32
		{8882B744-D6E6-4742-84C8-E45F9D0E5FDE}.Release|x86.Build.0 = Release|Win32
	EndGlobalSection
	GlobalSection(SolutionProperties) = preSolution
		HideSolutionNode = FALSE
	EndGlobalSection
	GlobalSection(ExtensibilityGlobals) = postSolution
		SolutionGuid = {7881AC29-C122-408E-8728-EBEFC365D7EB}
	EndGlobalSection
EndGlobal
